
Microsoft Visual Studio Solution File, Format Version 12.00
# Visual Studio Version 16
VisualStudioVersion = 16.0.29926.136
MinimumVisualStudioVersion = 10.0.40219.1
Project("{FAE04EC0-301F-11D3-BF4B-00C04F79EFBC}") = "QLBANHANG", "QLBANHANG\QLBANHANG.csproj", "{CDBF9723-7C6B-445C-841C-5EEFEBD41B6D}"
EndProject
Global
	GlobalSection(SolutionConfigurationPlatforms) = preSolution
		Debug|Any CPU = Debug|Any CPU
		Release|Any CPU = Release|Any CPU
	EndGlobalSection
	GlobalSection(ProjectConfigurationPlatforms) = postSolution
		{CDBF9723-7C6B-445C-841C-5EEFEBD41B6D}.Debug|Any CPU.ActiveCfg = Debug|Any CPU
		{CDBF9723-7C6B-445C-841C-5EEFEBD41B6D}.Debug|Any CPU.Build.0 = Debug|Any CPU
		{CDBF9723-7C6B-445C-841C-5EEFEBD41B6D}.Release|Any CPU.ActiveCfg = Release|Any CPU
		{CDBF9723-7C6B-445C-841C-5EEFEBD41B6D}.Release|Any CPU.Build.0 = Release|Any CPU
	EndGlobalSection
	GlobalSection(SolutionProperties) = preSolution
		HideSolutionNode = FALSE
	EndGlobalSection
	GlobalSection(ExtensibilityGlobals) = postSolution
		SolutionGuid = {DE535363-1B46-46B9-9042-8A676F0C52AE}
	EndGlobalSection
EndGlobal
